
Microsoft Visual Studio Solution File, Format Version 12.00
# Visual Studio Version 17
VisualStudioVersion = 17.5.33502.453
MinimumVisualStudioVersion = 10.0.40219.1
Project("{FAE04EC0-301F-11D3-BF4B-00C04F79EFBC}") = "WebApplication2", "WebApplication2\WebApplication2.csproj", "{BB99855A-A26E-4013-9D2E-94DA9385C02F}"
EndProject
Global
	GlobalSection(SolutionConfigurationPlatforms) = preSolution
		Debug|Any CPU = Debug|Any CPU
		Release|Any CPU = Release|Any CPU
	EndGlobalSection
	GlobalSection(ProjectConfigurationPlatforms) = postSolution
		{BB99855A-A26E-4013-9D2E-94DA9385C02F}.Debug|Any CPU.ActiveCfg = Debug|Any CPU
		{BB99855A-A26E-4013-9D2E-94DA9385C02F}.Debug|Any CPU.Build.0 = Debug|Any CPU
		{BB99855A-A26E-4013-9D2E-94DA9385C02F}.Release|Any CPU.ActiveCfg = Release|Any CPU
		{BB99855A-A26E-4013-9D2E-94DA9385C02F}.Release|Any CPU.Build.0 = Release|Any CPU
	EndGlobalSection
	GlobalSection(SolutionProperties) = preSolution
		HideSolutionNode = FALSE
	EndGlobalSection
	GlobalSection(ExtensibilityGlobals) = postSolution
		SolutionGuid = {084FD18F-964C-4F28-8DB6-16A3D8398298}
	EndGlobalSection
EndGlobal
